Microsoft Visual Studio Solution File, Format Version 12.00
# Visual Studio Version 17
VisualStudioVersion = 17.5.2.0
MinimumVisualStudioVersion = 10.0.40219.1
Project("{FAE04EC0-301F-11D3-BF4B-00C04F79EFBC}") = "NutriView.API", "NutriView.API.csproj", "{F4BF778B-0692-714A-A70E-3A7359D74086}"
EndProject
Global
	GlobalSection(SolutionConfigurationPlatforms) = preSolution
		Debug|Any CPU = Debug|Any CPU
		Release|Any CPU = Release|Any CPU
	EndGlobalSection
	GlobalSection(ProjectConfigurationPlatforms) = postSolution
		{F4BF778B-0692-714A-A70E-3A7359D74086}.Debug|Any CPU.ActiveCfg = Debug|Any CPU
		{F4BF778B-0692-714A-A70E-3A7359D74086}.Debug|Any CPU.Build.0 = Debug|Any CPU
		{F4BF778B-0692-714A-A70E-3A7359D74086}.Release|Any CPU.ActiveCfg = Release|Any CPU
		{F4BF778B-0692-714A-A70E-3A7359D74086}.Release|Any CPU.Build.0 = Release|Any CPU
	EndGlobalSection
	GlobalSection(SolutionProperties) = preSolution
		HideSolutionNode = FALSE
	EndGlobalSection
	GlobalSection(ExtensibilityGlobals) = postSolution
		SolutionGuid = {E450EEDE-FD0E-457F-BFA1-2133D51192D3}
	EndGlobalSection
EndGlobal
